
Microsoft Visual Studio Solution File, Format Version 12.00
# Visual Studio Version 17
VisualStudioVersion = 17.12.35514.174 d17.12
MinimumVisualStudioVersion = 10.0.40219.1
Project("{FAE04EC0-301F-11D3-BF4B-00C04F79EFBC}") = "Tarefa02", "Tarefa02.csproj", "{9310F9DB-A216-41C8-91CB-4121047713DA}"
EndProject
Global
	GlobalSection(SolutionConfigurationPlatforms) = preSolution
		Debug|Any CPU = Debug|Any CPU
		Release|Any CPU = Release|Any CPU
	EndGlobalSection
	GlobalSection(ProjectConfigurationPlatforms) = postSolution
		{9310F9DB-A216-41C8-91CB-4121047713DA}.Debug|Any CPU.ActiveCfg = Debug|Any CPU
		{9310F9DB-A216-41C8-91CB-4121047713DA}.Debug|Any CPU.Build.0 = Debug|Any CPU
		{9310F9DB-A216-41C8-91CB-4121047713DA}.Release|Any CPU.ActiveCfg = Release|Any CPU
		{9310F9DB-A216-41C8-91CB-4121047713DA}.Release|Any CPU.Build.0 = Release|Any CPU
	EndGlobalSection
	GlobalSection(SolutionProperties) = preSolution
		HideSolutionNode = FALSE
	EndGlobalSection
EndGlobal
